
Microsoft Visual Studio Solution File, Format Version 12.00
# Visual Studio 2012
Project("{FAE04EC0-301F-11D3-BF4B-00C04F79EFBC}") = "CountryPicker.Droid", "CountryPicker.Droid\CountryPicker.Droid.csproj", "{93720D49-B31D-4BCB-A8B1-CD9F4501CDC6}"
EndProject
Project("{FAE04EC0-301F-11D3-BF4B-00C04F79EFBC}") = "CountryPicker.Sample", "CountryPicker.Sample\CountryPicker.Sample.csproj", "{F8C26091-B7A3-4250-9330-2AAB367BD8C4}"
EndProject
Global
	GlobalSection(SolutionConfigurationPlatforms) = preSolution
		Debug|Any CPU = Debug|Any CPU
		Release|Any CPU = Release|Any CPU
	EndGlobalSection
	GlobalSection(ProjectConfigurationPlatforms) = postSolution
		{93720D49-B31D-4BCB-A8B1-CD9F4501CDC6}.Debug|Any CPU.ActiveCfg = Debug|Any CPU
		{93720D49-B31D-4BCB-A8B1-CD9F4501CDC6}.Debug|Any CPU.Build.0 = Debug|Any CPU
		{93720D49-B31D-4BCB-A8B1-CD9F4501CDC6}.Release|Any CPU.ActiveCfg = Release|Any CPU
		{93720D49-B31D-4BCB-A8B1-CD9F4501CDC6}.Release|Any CPU.Build.0 = Release|Any CPU
		{F8C26091-B7A3-4250-9330-2AAB367BD8C4}.Debug|Any CPU.ActiveCfg = Debug|Any CPU
		{F8C26091-B7A3-4250-9330-2AAB367BD8C4}.Debug|Any CPU.Build.0 = Debug|Any CPU
		{F8C26091-B7A3-4250-9330-2AAB367BD8C4}.Release|Any CPU.ActiveCfg = Release|Any CPU
		{F8C26091-B7A3-4250-9330-2AAB367BD8C4}.Release|Any CPU.Build.0 = Release|Any CPU
	EndGlobalSection
EndGlobal
